
Microsoft Visual Studio Solution File, Format Version 12.00
# Visual Studio Version 17
VisualStudioVersion = 17.11.35327.3
MinimumVisualStudioVersion = 10.0.40219.1
Project("{FAE04EC0-301F-11D3-BF4B-00C04F79EFBC}") = "EnumerateFolders", "EnumerateFolders\EnumerateFolders.csproj", "{B038D29E-E08D-46D9-B4AE-59D869425444}"
EndProject
Project("{FAE04EC0-301F-11D3-BF4B-00C04F79EFBC}") = "EnumerateService", "EnumerateService\EnumerateService.csproj", "{72E31BC8-4104-4823-B9DF-B36E6AD45A83}"
EndProject
Project("{FAE04EC0-301F-11D3-BF4B-00C04F79EFBC}") = "EnumerateApp", "EnumerateApp\EnumerateApp.csproj", "{C6677645-173D-4E37-96DA-2F4C899B3EDB}"
EndProject
Project("{FAE04EC0-301F-11D3-BF4B-00C04F79EFBC}") = "EnumerateGUI", "EnumerateGUI\EnumerateGUI.csproj", "{37B1C87E-D8DB-4A42-AE32-F3A744FEB14F}"
EndProject
Global
	GlobalSection(SolutionConfigurationPlatforms) = preSolution
		Debug|Any CPU = Debug|Any CPU
		Debug|x64 = Debug|x64
		Debug|x86 = Debug|x86
		Release|Any CPU = Release|Any CPU
		Release|x64 = Release|x64
		Release|x86 = Release|x86
	EndGlobalSection
	GlobalSection(ProjectConfigurationPlatforms) = postSolution
		{B038D29E-E08D-46D9-B4AE-59D869425444}.Debug|Any CPU.ActiveCfg = Debug|Any CPU
		{B038D29E-E08D-46D9-B4AE-59D869425444}.Debug|Any CPU.Build.0 = Debug|Any CPU
		{B038D29E-E08D-46D9-B4AE-59D869425444}.Debug|x64.ActiveCfg = Debug|Any CPU
		{B038D29E-E08D-46D9-B4AE-59D869425444}.Debug|x64.Build.0 = Debug|Any CPU
		{B038D29E-E08D-46D9-B4AE-59D869425444}.Debug|x86.ActiveCfg = Debug|Any CPU
		{B038D29E-E08D-46D9-B4AE-59D869425444}.Debug|x86.Build.0 = Debug|Any CPU
		{B038D29E-E08D-46D9-B4AE-59D869425444}.Release|Any CPU.ActiveCfg = Release|Any CPU
		{B038D29E-E08D-46D9-B4AE-59D869425444}.Release|Any CPU.Build.0 = Release|Any CPU
		{B038D29E-E08D-46D9-B4AE-59D869425444}.Release|x64.ActiveCfg = Release|Any CPU
		{B038D29E-E08D-46D9-B4AE-59D869425444}.Release|x64.Build.0 = Release|Any CPU
		{B038D29E-E08D-46D9-B4AE-59D869425444}.Release|x86.ActiveCfg = Release|Any CPU
		{B038D29E-E08D-46D9-B4AE-59D869425444}.Release|x86.Build.0 = Release|Any CPU
		{72E31BC8-4104-4823-B9DF-B36E6AD45A83}.Debug|Any CPU.ActiveCfg = Debug|Any CPU
		{72E31BC8-4104-4823-B9DF-B36E6AD45A83}.Debug|Any CPU.Build.0 = Debug|Any CPU
		{72E31BC8-4104-4823-B9DF-B36E6AD45A83}.Debug|x64.ActiveCfg = Debug|Any CPU
		{72E31BC8-4104-4823-B9DF-B36E6AD45A83}.Debug|x64.Build.0 = Debug|Any CPU
		{72E31BC8-4104-4823-B9DF-B36E6AD45A83}.Debug|x86.ActiveCfg = Debug|Any CPU
		{72E31BC8-4104-4823-B9DF-B36E6AD45A83}.Debug|x86.Build.0 = Debug|Any CPU
		{72E31BC8-4104-4823-B9DF-B36E6AD45A83}.Release|Any CPU.ActiveCfg = Release|Any CPU
		{72E31BC8-4104-4823-B9DF-B36E6AD45A83}.Release|Any CPU.Build.0 = Release|Any CPU
		{72E31BC8-4104-4823-B9DF-B36E6AD45A83}.Release|x64.ActiveCfg = Release|Any CPU
		{72E31BC8-4104-4823-B9DF-B36E6AD45A83}.Release|x64.Build.0 = Release|Any CPU
		{72E31BC8-4104-4823-B9DF-B36E6AD45A83}.Release|x86.ActiveCfg = Release|Any CPU
		{72E31BC8-4104-4823-B9DF-B36E6AD45A83}.Release|x86.Build.0 = Release|Any CPU
		{C6677645-173D-4E37-96DA-2F4C899B3EDB}.Debug|Any CPU.ActiveCfg = Debug|Any CPU
		{C6677645-173D-4E37-96DA-2F4C899B3EDB}.Debug|Any CPU.Build.0 = Debug|Any CPU
		{C6677645-173D-4E37-96DA-2F4C899B3EDB}.Debug|x64.ActiveCfg = Debug|Any CPU
		{C6677645-173D-4E37-96DA-2F4C899B3EDB}.Debug|x64.Build.0 = Debug|Any CPU
		{C6677645-173D-4E37-96DA-2F4C899B3EDB}.Debug|x86.ActiveCfg = Debug|Any CPU
		{C6677645-173D-4E37-96DA-2F4C899B3EDB}.Debug|x86.Build.0 = Debug|Any CPU
		{C6677645-173D-4E37-96DA-2F4C899B3EDB}.Release|Any CPU.ActiveCfg = Release|Any CPU
		{C6677645-173D-4E37-96DA-2F4C899B3EDB}.Release|Any CPU.Build.0 = Release|Any CPU
		{C6677645-173D-4E37-96DA-2F4C899B3EDB}.Release|x64.ActiveCfg = Release|Any CPU
		{C6677645-173D-4E37-96DA-2F4C899B3EDB}.Release|x64.Build.0 = Release|Any CPU
		{C6677645-173D-4E37-96DA-2F4C899B3EDB}.Release|x86.ActiveCfg = Release|Any CPU
		{C6677645-173D-4E37-96DA-2F4C899B3EDB}.Release|x86.Build.0 = Release|Any CPU
		{37B1C87E-D8DB-4A42-AE32-F3A744FEB14F}.Debug|Any CPU.ActiveCfg = Debug|Any CPU
		{37B1C87E-D8DB-4A42-AE32-F3A744FEB14F}.Debug|Any CPU.Build.0 = Debug|Any CPU
		{37B1C87E-D8DB-4A42-AE32-F3A744FEB14F}.Debug|x64.ActiveCfg = Debug|Any CPU
		{37B1C87E-D8DB-4A42-AE32-F3A744FEB14F}.Debug|x64.Build.0 = Debug|Any CPU
		{37B1C87E-D8DB-4A42-AE32-F3A744FEB14F}.Debug|x86.ActiveCfg = Debug|Any CPU
		{37B1C87E-D8DB-4A42-AE32-F3A744FEB14F}.Debug|x86.Build.0 = Debug|Any CPU
		{37B1C87E-D8DB-4A42-AE32-F3A744FEB14F}.Release|Any CPU.ActiveCfg = Release|Any CPU
		{37B1C87E-D8DB-4A42-AE32-F3A744FEB14F}.Release|Any CPU.Build.0 = Release|Any CPU
		{37B1C87E-D8DB-4A42-AE32-F3A744FEB14F}.Release|x64.ActiveCfg = Release|Any CPU
		{37B1C87E-D8DB-4A42-AE32-F3A744FEB14F}.Release|x64.Build.0 = Release|Any CPU
		{37B1C87E-D8DB-4A42-AE32-F3A744FEB14F}.Release|x86.ActiveCfg = Release|Any CPU
		{37B1C87E-D8DB-4A42-AE32-F3A744FEB14F}.Release|x86.Build.0 = Release|Any CPU
	EndGlobalSection
	GlobalSection(SolutionProperties) = preSolution
		HideSolutionNode = FALSE
	EndGlobalSection
	GlobalSection(ExtensibilityGlobals) = postSolution
		SolutionGuid = {9E8F6C99-B840-4317-B07D-60FEC3E2C2EB}
	EndGlobalSection
EndGlobal
